
Microsoft Visual Studio Solution File, Format Version 12.00
# Visual Studio 14
VisualStudioVersion = 14.0.24720.0
MinimumVisualStudioVersion = 10.0.40219.1
Project("{8BC9CEB8-8B4A-11D0-8D11-00A0C91BC942}") = "QuickSort", "QuickSort\QuickSort.vcxproj", "{042AECA1-5031-4A2E-9D87-C6F45275003F}"
EndProject
Project("{8BC9CEB8-8B4A-11D0-8D11-00A0C91BC942}") = "BubbleSort", "BubbleSort\BubbleSort.vcxproj", "{7C092008-5B44-49F9-8000-D7C51F41DC5D}"
EndProject
Global
	GlobalSection(SolutionConfigurationPlatforms) = preSolution
		Debug|x64 = Debug|x64
		Debug|x86 = Debug|x86
		Release|x64 = Release|x64
		Release|x86 = Release|x86
	EndGlobalSection
	GlobalSection(ProjectConfigurationPlatforms) = postSolution
		{042AECA1-5031-4A2E-9D87-C6F45275003F}.Debug|x64.ActiveCfg = Debug|x64
		{042AECA1-5031-4A2E-9D87-C6F45275003F}.Debug|x64.Build.0 = Debug|x64
		{042AECA1-5031-4A2E-9D87-C6F45275003F}.Debug|x86.ActiveCfg = Debug|Win32
		{042AECA1-5031-4A2E-9D87-C6F45275003F}.Debug|x86.Build.0 = Debug|Win32
		{042AECA1-5031-4A2E-9D87-C6F45275003F}.Release|x64.ActiveCfg = Release|x64
		{042AECA1-5031-4A2E-9D87-C6F45275003F}.Release|x64.Build.0 = Release|x64
		{042AECA1-5031-4A2E-9D87-C6F45275003F}.Release|x86.ActiveCfg = Release|Win32
		{042AECA1-5031-4A2E-9D87-C6F45275003F}.Release|x86.Build.0 = Release|Win32
		{7C092008-5B44-49F9-8000-D7C51F41DC5D}.Debug|x64.ActiveCfg = Debug|x64
		{7C092008-5B44-49F9-8000-D7C51F41DC5D}.Debug|x64.Build.0 = Debug|x64
		{7C092008-5B44-49F9-8000-D7C51F41DC5D}.Debug|x86.ActiveCfg = Debug|Win32
		{7C092008-5B44-49F9-8000-D7C51F41DC5D}.Debug|x86.Build.0 = Debug|Win32
		{7C092008-5B44-49F9-8000-D7C51F41DC5D}.Release|x64.ActiveCfg = Release|x64
		{7C092008-5B44-49F9-8000-D7C51F41DC5D}.Release|x64.Build.0 = Release|x64
		{7C092008-5B44-49F9-8000-D7C51F41DC5D}.Release|x86.ActiveCfg = Release|Win32
		{7C092008-5B44-49F9-8000-D7C51F41DC5D}.Release|x86.Build.0 = Release|Win32
	EndGlobalSection
	GlobalSection(SolutionProperties) = preSolution
		HideSolutionNode = FALSE
	EndGlobalSection
EndGlobal
